# This file is automatically @generated by Wally.
# It is not intended for manual editing.
registry = "test"

[[package]]
name = "alicesaidhi/rubberducky"
version = "0.1.0"
dependencies = [["shared_toolbar", "stravant/create-shared-toolbar@0.1.0"], ["vide", "aloroid/vide-with-types@0.2.3"], ["videkit", "alicesaidhi/videkit-ty@0.1.1"]]

[[package]]
name = "alicesaidhi/videkit-ty"
version = "0.1.1"
dependencies = [["vide", "aloroid/vide-with-types@0.2.3"]]

[[package]]
name = "aloroid/vide-with-types"
version = "0.2.3"
dependencies = []

[[package]]
name = "stravant/create-shared-toolbar"
version = "0.1.0"
dependencies = []
